
Microsoft Visual Studio Solution File, Format Version 12.00
# Visual Studio Version 17
VisualStudioVersion = 17.12.35527.113
MinimumVisualStudioVersion = 10.0.40219.1
Project("{2150E333-8FDC-42A3-9474-1A3956D46DE8}") = "LayerPresentation", "LayerPresentation", "{63AAEA36-9A40-4186-82A5-AACC5DD26A1B}"
EndProject
Project("{FAE04EC0-301F-11D3-BF4B-00C04F79EFBC}") = "BuildingApi", "BuildingApi\BuildingApi.csproj", "{C2E91251-F942-496C-9252-7EC9F61AA606}"
EndProject
Project("{2150E333-8FDC-42A3-9474-1A3956D46DE8}") = "LayerInfraestructure", "LayerInfraestructure", "{342B3CF5-B474-4CC2-99A3-5122736CE7F8}"
EndProject
Project("{2150E333-8FDC-42A3-9474-1A3956D46DE8}") = "LayerDomain", "LayerDomain", "{667F6BD4-D7ED-4FAE-8502-A7C1F710402A}"
EndProject
Project("{2150E333-8FDC-42A3-9474-1A3956D46DE8}") = "LayerAplication", "LayerAplication", "{C7B23FFE-611D-4EA8-B271-00D06AE24854}"
EndProject
Project("{2150E333-8FDC-42A3-9474-1A3956D46DE8}") = "LayerCommon", "LayerCommon", "{1E2E17F6-A729-4BF7-81EE-A17C8FF71870}"
EndProject
Project("{FAE04EC0-301F-11D3-BF4B-00C04F79EFBC}") = "Utilities", "Utilities\Utilities.csproj", "{683C4092-FBFE-446E-A681-0EDF1F1EBC41}"
EndProject
Project("{2150E333-8FDC-42A3-9474-1A3956D46DE8}") = "Test", "Test", "{BA390241-947A-4533-8ABF-319CC9C052B5}"
EndProject
Project("{FAE04EC0-301F-11D3-BF4B-00C04F79EFBC}") = "Entities", "Entities\Entities.csproj", "{A1E09C15-3F46-4CFE-B684-12BDA7590874}"
EndProject
Project("{FAE04EC0-301F-11D3-BF4B-00C04F79EFBC}") = "DataAccess", "DataAccess\DataAccess.csproj", "{293791F6-B5D3-4929-BC21-36F90784A492}"
EndProject
Project("{FAE04EC0-301F-11D3-BF4B-00C04F79EFBC}") = "Storage", "Storage\Storage.csproj", "{2D8DAE96-486C-45DE-853C-95AB249DD20A}"
EndProject
Project("{FAE04EC0-301F-11D3-BF4B-00C04F79EFBC}") = "BusinessRules", "BusinessRules\BusinessRules.csproj", "{8787A510-99C7-417C-AEF2-5B333CB5A1CA}"
EndProject
Project("{FAE04EC0-301F-11D3-BF4B-00C04F79EFBC}") = "UnitTest", "UnitTest\UnitTest.csproj", "{3A93CD5F-6F8D-4A58-8ABF-78B44C381A63}"
EndProject
Global
	GlobalSection(SolutionConfigurationPlatforms) = preSolution
		Debug|Any CPU = Debug|Any CPU
		Release|Any CPU = Release|Any CPU
	EndGlobalSection
	GlobalSection(ProjectConfigurationPlatforms) = postSolution
		{C2E91251-F942-496C-9252-7EC9F61AA606}.Debug|Any CPU.ActiveCfg = Debug|Any CPU
		{C2E91251-F942-496C-9252-7EC9F61AA606}.Debug|Any CPU.Build.0 = Debug|Any CPU
		{C2E91251-F942-496C-9252-7EC9F61AA606}.Release|Any CPU.ActiveCfg = Release|Any CPU
		{C2E91251-F942-496C-9252-7EC9F61AA606}.Release|Any CPU.Build.0 = Release|Any CPU
		{683C4092-FBFE-446E-A681-0EDF1F1EBC41}.Debug|Any CPU.ActiveCfg = Debug|Any CPU
		{683C4092-FBFE-446E-A681-0EDF1F1EBC41}.Debug|Any CPU.Build.0 = Debug|Any CPU
		{683C4092-FBFE-446E-A681-0EDF1F1EBC41}.Release|Any CPU.ActiveCfg = Release|Any CPU
		{683C4092-FBFE-446E-A681-0EDF1F1EBC41}.Release|Any CPU.Build.0 = Release|Any CPU
		{A1E09C15-3F46-4CFE-B684-12BDA7590874}.Debug|Any CPU.ActiveCfg = Debug|Any CPU
		{A1E09C15-3F46-4CFE-B684-12BDA7590874}.Debug|Any CPU.Build.0 = Debug|Any CPU
		{A1E09C15-3F46-4CFE-B684-12BDA7590874}.Release|Any CPU.ActiveCfg = Release|Any CPU
		{A1E09C15-3F46-4CFE-B684-12BDA7590874}.Release|Any CPU.Build.0 = Release|Any CPU
		{293791F6-B5D3-4929-BC21-36F90784A492}.Debug|Any CPU.ActiveCfg = Debug|Any CPU
		{293791F6-B5D3-4929-BC21-36F90784A492}.Debug|Any CPU.Build.0 = Debug|Any CPU
		{293791F6-B5D3-4929-BC21-36F90784A492}.Release|Any CPU.ActiveCfg = Release|Any CPU
		{293791F6-B5D3-4929-BC21-36F90784A492}.Release|Any CPU.Build.0 = Release|Any CPU
		{2D8DAE96-486C-45DE-853C-95AB249DD20A}.Debug|Any CPU.ActiveCfg = Debug|Any CPU
		{2D8DAE96-486C-45DE-853C-95AB249DD20A}.Debug|Any CPU.Build.0 = Debug|Any CPU
		{2D8DAE96-486C-45DE-853C-95AB249DD20A}.Release|Any CPU.ActiveCfg = Release|Any CPU
		{2D8DAE96-486C-45DE-853C-95AB249DD20A}.Release|Any CPU.Build.0 = Release|Any CPU
		{8787A510-99C7-417C-AEF2-5B333CB5A1CA}.Debug|Any CPU.ActiveCfg = Debug|Any CPU
		{8787A510-99C7-417C-AEF2-5B333CB5A1CA}.Debug|Any CPU.Build.0 = Debug|Any CPU
		{8787A510-99C7-417C-AEF2-5B333CB5A1CA}.Release|Any CPU.ActiveCfg = Release|Any CPU
		{8787A510-99C7-417C-AEF2-5B333CB5A1CA}.Release|Any CPU.Build.0 = Release|Any CPU
		{3A93CD5F-6F8D-4A58-8ABF-78B44C381A63}.Debug|Any CPU.ActiveCfg = Debug|Any CPU
		{3A93CD5F-6F8D-4A58-8ABF-78B44C381A63}.Debug|Any CPU.Build.0 = Debug|Any CPU
		{3A93CD5F-6F8D-4A58-8ABF-78B44C381A63}.Release|Any CPU.ActiveCfg = Release|Any CPU
		{3A93CD5F-6F8D-4A58-8ABF-78B44C381A63}.Release|Any CPU.Build.0 = Release|Any CPU
	EndGlobalSection
	GlobalSection(SolutionProperties) = preSolution
		HideSolutionNode = FALSE
	EndGlobalSection
	GlobalSection(NestedProjects) = preSolution
		{C2E91251-F942-496C-9252-7EC9F61AA606} = {63AAEA36-9A40-4186-82A5-AACC5DD26A1B}
		{683C4092-FBFE-446E-A681-0EDF1F1EBC41} = {1E2E17F6-A729-4BF7-81EE-A17C8FF71870}
		{A1E09C15-3F46-4CFE-B684-12BDA7590874} = {667F6BD4-D7ED-4FAE-8502-A7C1F710402A}
		{293791F6-B5D3-4929-BC21-36F90784A492} = {342B3CF5-B474-4CC2-99A3-5122736CE7F8}
		{2D8DAE96-486C-45DE-853C-95AB249DD20A} = {342B3CF5-B474-4CC2-99A3-5122736CE7F8}
		{8787A510-99C7-417C-AEF2-5B333CB5A1CA} = {C7B23FFE-611D-4EA8-B271-00D06AE24854}
		{3A93CD5F-6F8D-4A58-8ABF-78B44C381A63} = {BA390241-947A-4533-8ABF-319CC9C052B5}
	EndGlobalSection
EndGlobal
